<?xml version="1.0" encoding="utf-8"?>
<Project ToolsVersion="4.0" xmlns="http://schemas.microsoft.com/developer/msbuild/2003">
  <ItemGroup>
    <ClInclude Include="..\src\vegas\db-structure.h">
      <Filter>Header Files</Filter>
    </ClInclude>
    <ClInclude Include="..\src\vegas\database.h">
      <Filter>Header Files</Filter>
    </ClInclude>
    <ClInclude Include="..\src\vegas\common.h">
      <Filter>Header Files</Filter>
    </ClInclude>
  </ItemGroup>
  <ItemGroup>
    <ClCompile Include="..\src\vegas\database.cpp">
      <Filter>Source Files</Filter>
    </ClCompile>
  </ItemGroup>
  <ItemGroup>
    <Filter Include="Source Files">
      <UniqueIdentifier>{8f755cc0-77ec-4253-a2bc-55eaf98721e1}</UniqueIdentifier>
    </Filter>
    <Filter Include="Header Files">
      <UniqueIdentifier>{756e5935-670b-4263-aae8-d11d46346387}</UniqueIdentifier>
    </Filter>
  </ItemGroup>
</Project>